
Microsoft Visual Studio Solution File, Format Version 12.00
# Visual Studio Version 17
VisualStudioVersion = 17.8.34408.163
MinimumVisualStudioVersion = 10.0.40219.1
Project("{FAE04EC0-301F-11D3-BF4B-00C04F79EFBC}") = "OOPDesign", "OOPDesign\OOPDesign.csproj", "{B6915F1F-7A18-478C-846B-CA935D4DDD3C}"
EndProject
Project("{FAE04EC0-301F-11D3-BF4B-00C04F79EFBC}") = "DataAccessLayer", "DataAccessLayer\DataAccessLayer.csproj", "{8BD5FC7C-19F5-4B36-BD27-CFC57C30E0A4}"
EndProject
Global
	GlobalSection(SolutionConfigurationPlatforms) = preSolution
		Debug|Any CPU = Debug|Any CPU
		Release|Any CPU = Release|Any CPU
	EndGlobalSection
	GlobalSection(ProjectConfigurationPlatforms) = postSolution
		{B6915F1F-7A18-478C-846B-CA935D4DDD3C}.Debug|Any CPU.ActiveCfg = Debug|Any CPU
		{B6915F1F-7A18-478C-846B-CA935D4DDD3C}.Debug|Any CPU.Build.0 = Debug|Any CPU
		{B6915F1F-7A18-478C-846B-CA935D4DDD3C}.Release|Any CPU.ActiveCfg = Release|Any CPU
		{B6915F1F-7A18-478C-846B-CA935D4DDD3C}.Release|Any CPU.Build.0 = Release|Any CPU
		{8BD5FC7C-19F5-4B36-BD27-CFC57C30E0A4}.Debug|Any CPU.ActiveCfg = Debug|Any CPU
		{8BD5FC7C-19F5-4B36-BD27-CFC57C30E0A4}.Debug|Any CPU.Build.0 = Debug|Any CPU
		{8BD5FC7C-19F5-4B36-BD27-CFC57C30E0A4}.Release|Any CPU.ActiveCfg = Release|Any CPU
		{8BD5FC7C-19F5-4B36-BD27-CFC57C30E0A4}.Release|Any CPU.Build.0 = Release|Any CPU
	EndGlobalSection
	GlobalSection(SolutionProperties) = preSolution
		HideSolutionNode = FALSE
	EndGlobalSection
	GlobalSection(ExtensibilityGlobals) = postSolution
		SolutionGuid = {5FA1A702-805C-4733-8E9D-8F767C8E7F0E}
	EndGlobalSection
EndGlobal
